// !$*UTF8*$!
{
	archiveVersion = 1;
	classes = {
	};
	objectVersion = 46;
	objects = {

/* Begin PBXBuildFile section */
		92B6A49518AF06F400FA8CC5 /* Foundation.framework in Frameworks */ = {isa = PBXBuildFile; fileRef = 92B6A49418AF06F400FA8CC5 /* Foundation.framework */; };
		92B6A49718AF06F400FA8CC5 /* CoreGraphics.framework in Frameworks */ = {isa = PBXBuildFile; fileRef = 92B6A49618AF06F400FA8CC5 /* CoreGraphics.framework */; };
		92B6A49918AF06F400FA8CC5 /* UIKit.framework in Frameworks */ = {isa = PBXBuildFile; fileRef = 92B6A49818AF06F400FA8CC5 /* UIKit.framework */; };
		92B6A49F18AF06F400FA8CC5 /* InfoPlist.strings in Resources */ = {isa = PBXBuildFile; fileRef = 92B6A49D18AF06F400FA8CC5 /* InfoPlist.strings */; };
		92B6A4A118AF06F400FA8CC5 /* main.m in Sources */ = {isa = PBXBuildFile; fileRef = 92B6A4A018AF06F400FA8CC5 /* main.m */; };
		92B6A4A518AF06F400FA8CC5 /* ZZZAppDelegate.m in Sources */ = {isa = PBXBuildFile; fileRef = 92B6A4A418AF06F400FA8CC5 /* ZZZAppDelegate.m */; };
		92B6A4A818AF06F400FA8CC5 /* Main_iPhone.storyboard in Resources */ = {isa = PBXBuildFile; fileRef = 92B6A4A618AF06F400FA8CC5 /* Main_iPhone.storyboard */; };
		92B6A4AB18AF06F400FA8CC5 /* Main_iPad.storyboard in Resources */ = {isa = PBXBuildFile; fileRef = 92B6A4A918AF06F400FA8CC5 /* Main_iPad.storyboard */; };
		92B6A4AE18AF06F400FA8CC5 /* ZZZViewController.m in Sources */ = {isa = PBXBuildFile; fileRef = 92B6A4AD18AF06F400FA8CC5 /* ZZZViewController.m */; };
		92B6A4B018AF06F400FA8CC5 /* Images.xcassets in Resources */ = {isa = PBXBuildFile; fileRef = 92B6A4AF18AF06F400FA8CC5 /* Images.xcassets */; };
		92B6A4B718AF06F500FA8CC5 /* XCTest.framework in Frameworks */ = {isa = PBXBuildFile; fileRef = 92B6A4B618AF06F500FA8CC5 /* XCTest.framework */; };
		92B6A4B818AF06F500FA8CC5 /* Foundation.framework in Frameworks */ = {isa = PBXBuildFile; fileRef = 92B6A49418AF06F400FA8CC5 /* Foundation.framework */; };
		92B6A4B918AF06F500FA8CC5 /* UIKit.framework in Frameworks */ = {isa = PBXBuildFile; fileRef = 92B6A49818AF06F400FA8CC5 /* UIKit.framework */; };
		92B6A4C118AF06F500FA8CC5 /* InfoPlist.strings in Resources */ = {isa = PBXBuildFile; fileRef = 92B6A4BF18AF06F500FA8CC5 /* InfoPlist.strings */; };
		92B6A4C318AF06F500FA8CC5 /* SquigglePicTests.m in Sources */ = {isa = PBXBuildFile; fileRef = 92B6A4C218AF06F500FA8CC5 /* SquigglePicTests.m */; };
		92B6A4CD18AF096C00FA8CC5 /* ZZZSmoothBezierInterp.m in Sources */ = {isa = PBXBuildFile; fileRef = 92B6A4CC18AF096C00FA8CC5 /* ZZZSmoothBezierInterp.m */; };
		92B6A4CE18AF096C00FA8CC5 /* ZZZSmoothBezierInterp.m in Sources */ = {isa = PBXBuildFile; fileRef = 92B6A4CC18AF096C00FA8CC5 /* ZZZSmoothBezierInterp.m */; };
		987DE67618BA7FDC00318C00 /* linedpaper_@2x.png in Resources */ = {isa = PBXBuildFile; fileRef = 987DE67418BA7FDC00318C00 /* linedpaper_@2x.png */; };
		987DE67718BA7FDC00318C00 /* linedpaper.png in Resources */ = {isa = PBXBuildFile; fileRef = 987DE67518BA7FDC00318C00 /* linedpaper.png */; };
/* End PBXBuildFile section */

/* Begin PBXContainerItemProxy section */
		92B6A4BA18AF06F500FA8CC5 /* PBXContainerItemProxy */ = {
			isa = PBXContainerItemProxy;
			containerPortal = 92B6A48918AF06F400FA8CC5 /* Project object */;
			proxyType = 1;
			remoteGlobalIDString = 92B6A49018AF06F400FA8CC5;
			remoteInfo = SquigglePic;
		};
/* End PBXContainerItemProxy section */

/* Begin PBXFileReference section */
		92B6A49118AF06F400FA8CC5 /* SquigglePic.app */ = {isa = PBXFileReference; explicitFileType = wrapper.application; includeInIndex = 0; path = SquigglePic.app; sourceTree = BUILT_PRODUCTS_DIR; };
		92B6A49418AF06F400FA8CC5 /* Foundation.framework */ = {isa = PBXFileReference; lastKnownFileType = wrapper.framework; name = Foundation.framework; path = System/Library/Frameworks/Foundation.framework; sourceTree = SDKROOT; };
		92B6A49618AF06F400FA8CC5 /* CoreGraphics.framework */ = {isa = PBXFileReference; lastKnownFileType = wrapper.framework; name = CoreGraphics.framework; path = System/Library/Frameworks/CoreGraphics.framework; sourceTree = SDKROOT; };
		92B6A49818AF06F400FA8CC5 /* UIKit.framework */ = {isa = PBXFileReference; lastKnownFileType = wrapper.framework; name = UIKit.framework; path = System/Library/Frameworks/UIKit.framework; sourceTree = SDKROOT; };
		92B6A49C18AF06F400FA8CC5 /* SquigglePic-Info.plist */ = {isa = PBXFileReference; lastKnownFileType = text.plist.xml; path = "SquigglePic-Info.plist"; sourceTree = "<group>"; };
		92B6A49E18AF06F400FA8CC5 /* en */ = {isa = PBXFileReference; lastKnownFileType = text.plist.strings; name = en; path = en.lproj/InfoPlist.strings; sourceTree = "<group>"; };
		92B6A4A018AF06F400FA8CC5 /* main.m */ = {isa = PBXFileReference; lastKnownFileType = sourcecode.c.objc; path = main.m; sourceTree = "<group>"; };
		92B6A4A218AF06F400FA8CC5 /* SquigglePic-Prefix.pch */ = {isa = PBXFileReference; lastKnownFileType = sourcecode.c.h; path = "SquigglePic-Prefix.pch"; sourceTree = "<group>"; };
		92B6A4A318AF06F400FA8CC5 /* ZZZAppDelegate.h */ = {isa = PBXFileReference; lastKnownFileType = sourcecode.c.h; path = ZZZAppDelegate.h; sourceTree = "<group>"; };
		92B6A4A418AF06F400FA8CC5 /* ZZZAppDelegate.m */ = {isa = PBXFileReference; lastKnownFileType = sourcecode.c.objc; path = ZZZAppDelegate.m; sourceTree = "<group>"; };
		92B6A4A718AF06F400FA8CC5 /* Base */ = {isa = PBXFileReference; lastKnownFileType = file.storyboard; name = Base; path = Base.lproj/Main_iPhone.storyboard; sourceTree = "<group>"; };
		92B6A4AA18AF06F400FA8CC5 /* Base */ = {isa = PBXFileReference; lastKnownFileType = file.storyboard; name = Base; path = Base.lproj/Main_iPad.storyboard; sourceTree = "<group>"; };
		92B6A4AC18AF06F400FA8CC5 /* ZZZViewController.h */ = {isa = PBXFileReference; lastKnownFileType = sourcecode.c.h; path = ZZZViewController.h; sourceTree = "<group>"; };
		92B6A4AD18AF06F400FA8CC5 /* ZZZViewController.m */ = {isa = PBXFileReference; lastKnownFileType = sourcecode.c.objc; path = ZZZViewController.m; sourceTree = "<group>"; };
		92B6A4AF18AF06F400FA8CC5 /* Images.xcassets */ = {isa = PBXFileReference; lastKnownFileType = folder.assetcatalog; path = Images.xcassets; sourceTree = "<group>"; };
		92B6A4B518AF06F500FA8CC5 /* SquigglePicTests.xctest */ = {isa = PBXFileReference; explicitFileType = wrapper.cfbundle; includeInIndex = 0; path = SquigglePicTests.xctest; sourceTree = BUILT_PRODUCTS_DIR; };
		92B6A4B618AF06F500FA8CC5 /* XCTest.framework */ = {isa = PBXFileReference; lastKnownFileType = wrapper.framework; name = XCTest.framework; path = Library/Frameworks/XCTest.framework; sourceTree = DEVELOPER_DIR; };
		92B6A4BE18AF06F500FA8CC5 /* SquigglePicTests-Info.plist */ = {isa = PBXFileReference; lastKnownFileType = text.plist.xml; path = "SquigglePicTests-Info.plist"; sourceTree = "<group>"; };
		92B6A4C018AF06F500FA8CC5 /* en */ = {isa = PBXFileReference; lastKnownFileType = text.plist.strings; name = en; path = en.lproj/InfoPlist.strings; sourceTree = "<group>"; };
		92B6A4C218AF06F500FA8CC5 /* SquigglePicTests.m */ = {isa = PBXFileReference; lastKnownFileType = sourcecode.c.objc; path = SquigglePicTests.m; sourceTree = "<group>"; };
		92B6A4CC18AF096C00FA8CC5 /* ZZZSmoothBezierInterp.m */ = {isa = PBXFileReference; fileEncoding = 4; lastKnownFileType = sourcecode.c.objc; path = ZZZSmoothBezierInterp.m; sourceTree = "<group>"; };
		92B6A4CF18AF097400FA8CC5 /* ZZZSmoothBezierInterp.h */ = {isa = PBXFileReference; fileEncoding = 4; lastKnownFileType = sourcecode.c.h; path = ZZZSmoothBezierInterp.h; sourceTree = "<group>"; };
		987DE67418BA7FDC00318C00 /* linedpaper_@2x.png */ = {isa = PBXFileReference; lastKnownFileType = image.png; path = "linedpaper_@2x.png"; sourceTree = "<group>"; };
		987DE67518BA7FDC00318C00 /* linedpaper.png */ = {isa = PBXFileReference; lastKnownFileType = image.png; path = linedpaper.png; sourceTree = "<group>"; };
/* End PBXFileReference section */

/* Begin PBXFrameworksBuildPhase section */
		92B6A48E18AF06F400FA8CC5 /* Frameworks */ = {
			isa = PBXFrameworksBuildPhase;
			buildActionMask = 2147483647;
			files = (
				92B6A49718AF06F400FA8CC5 /* CoreGraphics.framework in Frameworks */,
				92B6A49918AF06F400FA8CC5 /* UIKit.framework in Frameworks */,
				92B6A49518AF06F400FA8CC5 /* Foundation.framework in Frameworks */,
			);
			runOnlyForDeploymentPostprocessing = 0;
		};
		92B6A4B218AF06F500FA8CC5 /* Frameworks */ = {
			isa = PBXFrameworksBuildPhase;
			buildActionMask = 2147483647;
			files = (
				92B6A4B718AF06F500FA8CC5 /* XCTest.framework in Frameworks */,
				92B6A4B918AF06F500FA8CC5 /* UIKit.framework in Frameworks */,
				92B6A4B818AF06F500FA8CC5 /* Foundation.framework in Frameworks */,
			);
			runOnlyForDeploymentPostprocessing = 0;
		};
/* End PBXFrameworksBuildPhase section */

/* Begin PBXGroup section */
		92B6A48818AF06F400FA8CC5 = {
			isa = PBXGroup;
			children = (
				92B6A49A18AF06F400FA8CC5 /* SquigglePic */,
				92B6A4BC18AF06F500FA8CC5 /* SquigglePicTests */,
				92B6A49318AF06F400FA8CC5 /* Frameworks */,
				92B6A49218AF06F400FA8CC5 /* Products */,
			);
			sourceTree = "<group>";
		};
		92B6A49218AF06F400FA8CC5 /* Products */ = {
			isa = PBXGroup;
			children = (
				92B6A49118AF06F400FA8CC5 /* SquigglePic.app */,
				92B6A4B518AF06F500FA8CC5 /* SquigglePicTests.xctest */,
			);
			name = Products;
			sourceTree = "<group>";
		};
		92B6A49318AF06F400FA8CC5 /* Frameworks */ = {
			isa = PBXGroup;
			children = (
				92B6A49418AF06F400FA8CC5 /* Foundation.framework */,
				92B6A49618AF06F400FA8CC5 /* CoreGraphics.framework */,
				92B6A49818AF06F400FA8CC5 /* UIKit.framework */,
				92B6A4B618AF06F500FA8CC5 /* XCTest.framework */,
			);
			name = Frameworks;
			sourceTree = "<group>";
		};
		92B6A49A18AF06F400FA8CC5 /* SquigglePic */ = {
			isa = PBXGroup;
			children = (
				987DE67318BA7FC400318C00 /* Images */,
				92B6A4A318AF06F400FA8CC5 /* ZZZAppDelegate.h */,
				92B6A4CC18AF096C00FA8CC5 /* ZZZSmoothBezierInterp.m */,
				92B6A4CF18AF097400FA8CC5 /* ZZZSmoothBezierInterp.h */,
				92B6A4A418AF06F400FA8CC5 /* ZZZAppDelegate.m */,
				92B6A4A618AF06F400FA8CC5 /* Main_iPhone.storyboard */,
				92B6A4A918AF06F400FA8CC5 /* Main_iPad.storyboard */,
				92B6A4AC18AF06F400FA8CC5 /* ZZZViewController.h */,
				92B6A4AD18AF06F400FA8CC5 /* ZZZViewController.m */,
				92B6A4AF18AF06F400FA8CC5 /* Images.xcassets */,
				92B6A49B18AF06F400FA8CC5 /* Supporting Files */,
			);
			path = SquigglePic;
			sourceTree = "<group>";
		};
		92B6A49B18AF06F400FA8CC5 /* Supporting Files */ = {
			isa = PBXGroup;
			children = (
				92B6A49C18AF06F400FA8CC5 /* SquigglePic-Info.plist */,
				92B6A49D18AF06F400FA8CC5 /* InfoPlist.strings */,
				92B6A4A018AF06F400FA8CC5 /* main.m */,
				92B6A4A218AF06F400FA8CC5 /* SquigglePic-Prefix.pch */,
			);
			name = "Supporting Files";
			sourceTree = "<group>";
		};
		92B6A4BC18AF06F500FA8CC5 /* SquigglePicTests */ = {
			isa = PBXGroup;
			children = (
				92B6A4C218AF06F500FA8CC5 /* SquigglePicTests.m */,
				92B6A4BD18AF06F500FA8CC5 /* Supporting Files */,
			);
			path = SquigglePicTests;
			sourceTree = "<group>";
		};
		92B6A4BD18AF06F500FA8CC5 /* Supporting Files */ = {
			isa = PBXGroup;
			children = (
				92B6A4BE18AF06F500FA8CC5 /* SquigglePicTests-Info.plist */,
				92B6A4BF18AF06F500FA8CC5 /* InfoPlist.strings */,
			);
			name = "Supporting Files";
			sourceTree = "<group>";
		};
		987DE67318BA7FC400318C00 /* Images */ = {
			isa = PBXGroup;
			children = (
				987DE67418BA7FDC00318C00 /* linedpaper_@2x.png */,
				987DE67518BA7FDC00318C00 /* linedpaper.png */,
			);
			name = Images;
			sourceTree = "<group>";
		};
/* End PBXGroup section */

/* Begin PBXNativeTarget section */
		92B6A49018AF06F400FA8CC5 /* SquigglePic */ = {
			isa = PBXNativeTarget;
			buildConfigurationList = 92B6A4C618AF06F500FA8CC5 /* Build configuration list for PBXNativeTarget "SquigglePic" */;
			buildPhases = (
				92B6A48D18AF06F400FA8CC5 /* Sources */,
				92B6A48E18AF06F400FA8CC5 /* Frameworks */,
				92B6A48F18AF06F400FA8CC5 /* Resources */,
			);
			buildRules = (
			);
			dependencies = (
			);
			name = SquigglePic;
			productName = SquigglePic;
			productReference = 92B6A49118AF06F400FA8CC5 /* SquigglePic.app */;
			productType = "com.apple.product-type.application";
		};
		92B6A4B418AF06F500FA8CC5 /* SquigglePicTests */ = {
			isa = PBXNativeTarget;
			buildConfigurationList = 92B6A4C918AF06F500FA8CC5 /* Build configuration list for PBXNativeTarget "SquigglePicTests" */;
			buildPhases = (
				92B6A4B118AF06F500FA8CC5 /* Sources */,
				92B6A4B218AF06F500FA8CC5 /* Frameworks */,
				92B6A4B318AF06F500FA8CC5 /* Resources */,
			);
			buildRules = (
			);
			dependencies = (
				92B6A4BB18AF06F500FA8CC5 /* PBXTargetDependency */,
			);
			name = SquigglePicTests;
			productName = SquigglePicTests;
			productReference = 92B6A4B518AF06F500FA8CC5 /* SquigglePicTests.xctest */;
			productType = "com.apple.product-type.bundle.unit-test";
		};
/* End PBXNativeTarget section */

/* Begin PBXProject section */
		92B6A48918AF06F400FA8CC5 /* Project object */ = {
			isa = PBXProject;
			attributes = {
				CLASSPREFIX = ZZZ;
				LastUpgradeCheck = 0500;
				ORGANIZATIONNAME = Zacg;
				TargetAttributes = {
					92B6A4B418AF06F500FA8CC5 = {
						TestTargetID = 92B6A49018AF06F400FA8CC5;
					};
				};
			};
			buildConfigurationList = 92B6A48C18AF06F400FA8CC5 /* Build configuration list for PBXProject "SquigglePic" */;
			compatibilityVersion = "Xcode 3.2";
			developmentRegion = English;
			hasScannedForEncodings = 0;
			knownRegions = (
				en,
				Base,
			);
			mainGroup = 92B6A48818AF06F400FA8CC5;
			productRefGroup = 92B6A49218AF06F400FA8CC5 /* Products */;
			projectDirPath = "";
			projectRoot = "";
			targets = (
				92B6A49018AF06F400FA8CC5 /* SquigglePic */,
				92B6A4B418AF06F500FA8CC5 /* SquigglePicTests */,
			);
		};
/* End PBXProject section */

/* Begin PBXResourcesBuildPhase section */
		92B6A48F18AF06F400FA8CC5 /* Resources */ = {
			isa = PBXResourcesBuildPhase;
			buildActionMask = 2147483647;
			files = (
				92B6A4AB18AF06F400FA8CC5 /* Main_iPad.storyboard in Resources */,
				987DE67718BA7FDC00318C00 /* linedpaper.png in Resources */,
				987DE67618BA7FDC00318C00 /* linedpaper_@2x.png in Resources */,
				92B6A4B018AF06F400FA8CC5 /* Images.xcassets in Resources */,
				92B6A4A818AF06F400FA8CC5 /* Main_iPhone.storyboard in Resources */,
				92B6A49F18AF06F400FA8CC5 /* InfoPlist.strings in Resources */,
			);
			runOnlyForDeploymentPostprocessing = 0;
		};
		92B6A4B318AF06F500FA8CC5 /* Resources */ = {
			isa = PBXResourcesBuildPhase;
			buildActionMask = 2147483647;
			files = (
				92B6A4C118AF06F500FA8CC5 /* InfoPlist.strings in Resources */,
			);
			runOnlyForDeploymentPostprocessing = 0;
		};
/* End PBXResourcesBuildPhase section */

/* Begin PBXSourcesBuildPhase section */
		92B6A48D18AF06F400FA8CC5 /* Sources */ = {
			isa = PBXSourcesBuildPhase;
			buildActionMask = 2147483647;
			files = (
				92B6A4A118AF06F400FA8CC5 /* main.m in Sources */,
				92B6A4CD18AF096C00FA8CC5 /* ZZZSmoothBezierInterp.m in Sources */,
				92B6A4A518AF06F400FA8CC5 /* ZZZAppDelegate.m in Sources */,
				92B6A4AE18AF06F400FA8CC5 /* ZZZViewController.m in Sources */,
			);
			runOnlyForDeploymentPostprocessing = 0;
		};
		92B6A4B118AF06F500FA8CC5 /* Sources */ = {
			isa = PBXSourcesBuildPhase;
			buildActionMask = 2147483647;
			files = (
				92B6A4C318AF06F500FA8CC5 /* SquigglePicTests.m in Sources */,
				92B6A4CE18AF096C00FA8CC5 /* ZZZSmoothBezierInterp.m in Sources */,
			);
			runOnlyForDeploymentPostprocessing = 0;
		};
/* End PBXSourcesBuildPhase section */

/* Begin PBXTargetDependency section */
		92B6A4BB18AF06F500FA8CC5 /* PBXTargetDependency */ = {
			isa = PBXTargetDependency;
			target = 92B6A49018AF06F400FA8CC5 /* SquigglePic */;
			targetProxy = 92B6A4BA18AF06F500FA8CC5 /* PBXContainerItemProxy */;
		};
/* End PBXTargetDependency section */

/* Begin PBXVariantGroup section */
		92B6A49D18AF06F400FA8CC5 /* InfoPlist.strings */ = {
			isa = PBXVariantGroup;
			children = (
				92B6A49E18AF06F400FA8CC5 /* en */,
			);
			name = InfoPlist.strings;
			sourceTree = "<group>";
		};
		92B6A4A618AF06F400FA8CC5 /* Main_iPhone.storyboard */ = {
			isa = PBXVariantGroup;
			children = (
				92B6A4A718AF06F400FA8CC5 /* Base */,
			);
			name = Main_iPhone.storyboard;
			sourceTree = "<group>";
		};
		92B6A4A918AF06F400FA8CC5 /* Main_iPad.storyboard */ = {
			isa = PBXVariantGroup;
			children = (
				92B6A4AA18AF06F400FA8CC5 /* Base */,
			);
			name = Main_iPad.storyboard;
			sourceTree = "<group>";
		};
		92B6A4BF18AF06F500FA8CC5 /* InfoPlist.strings */ = {
			isa = PBXVariantGroup;
			children = (
				92B6A4C018AF06F500FA8CC5 /* en */,
			);
			name = InfoPlist.strings;
			sourceTree = "<group>";
		};
/* End PBXVariantGroup section */

/* Begin XCBuildConfiguration section */
		92B6A4C418AF06F500FA8CC5 /* Debug */ = {
			isa = XCBuildConfiguration;
			buildSettings = {
				ALWAYS_SEARCH_USER_PATHS = NO;
				ARCHS = "$(ARCHS_STANDARD_INCLUDING_64_BIT)";
				CLANG_CXX_LANGUAGE_STANDARD = "gnu++0x";
				CLANG_CXX_LIBRARY = "libc++";
				CLANG_ENABLE_MODULES = YES;
				CLANG_ENABLE_OBJC_ARC = YES;
				CLANG_WARN_BOOL_CONVERSION = YES;
				CLANG_WARN_CONSTANT_CONVERSION = YES;
				CLANG_WARN_DIRECT_OBJC_ISA_USAGE = YES_ERROR;
				CLANG_WARN_EMPTY_BODY = YES;
				CLANG_WARN_ENUM_CONVERSION = YES;
				CLANG_WARN_INT_CONVERSION = YES;
				CLANG_WARN_OBJC_ROOT_CLASS = YES_ERROR;
				CLANG_WARN__DUPLICATE_METHOD_MATCH = YES;
				"CODE_SIGN_IDENTITY[sdk=iphoneos*]" = "iPhone Developer";
				COPY_PHASE_STRIP = NO;
				GCC_C_LANGUAGE_STANDARD = gnu99;
				GCC_DYNAMIC_NO_PIC = NO;
				GCC_OPTIMIZATION_LEVEL = 0;
				GCC_PREPROCESSOR_DEFINITIONS = (
					"DEBUG=1",
					"$(inherited)",
				);
				GCC_SYMBOLS_PRIVATE_EXTERN = NO;
				GCC_WARN_64_TO_32_BIT_CONVERSION = YES;
				GCC_WARN_ABOUT_RETURN_TYPE = YES_ERROR;
				GCC_WARN_UNDECLARED_SELECTOR = YES;
				GCC_WARN_UNINITIALIZED_AUTOS = YES;
				GCC_WARN_UNUSED_FUNCTION = YES;
				GCC_WARN_UNUSED_VARIABLE = YES;
				IPHONEOS_DEPLOYMENT_TARGET = 7.0;
				ONLY_ACTIVE_ARCH = YES;
				SDKROOT = iphoneos;
				TARGETED_DEVICE_FAMILY = "1,2";
			};
			name = Debug;
		};
		92B6A4C518AF06F500FA8CC5 /* Release */ = {
			isa = XCBuildConfiguration;
			buildSettings = {
				ALWAYS_SEARCH_USER_PATHS = NO;
				ARCHS = "$(ARCHS_STANDARD_INCLUDING_64_BIT)";
				CLANG_CXX_LANGUAGE_STANDARD = "gnu++0x";
				CLANG_CXX_LIBRARY = "libc++";
				CLANG_ENABLE_MODULES = YES;
				CLANG_ENABLE_OBJC_ARC = YES;
				CLANG_WARN_BOOL_CONVERSION = YES;
				CLANG_WARN_CONSTANT_CONVERSION = YES;
				CLANG_WARN_DIRECT_OBJC_ISA_USAGE = YES_ERROR;
				CLANG_WARN_EMPTY_BODY = YES;
				CLANG_WARN_ENUM_CONVERSION = YES;
				CLANG_WARN_INT_CONVERSION = YES;
				CLANG_WARN_OBJC_ROOT_CLASS = YES_ERROR;
				CLANG_WARN__DUPLICATE_METHOD_MATCH = YES;
				"CODE_SIGN_IDENTITY[sdk=iphoneos*]" = "iPhone Developer";
				COPY_PHASE_STRIP = YES;
				ENABLE_NS_ASSERTIONS = NO;
				GCC_C_LANGUAGE_STANDARD = gnu99;
				GCC_WARN_64_TO_32_BIT_CONVERSION = YES;
				GCC_WARN_ABOUT_RETURN_TYPE = YES_ERROR;
				GCC_WARN_UNDECLARED_SELECTOR = YES;
				GCC_WARN_UNINITIALIZED_AUTOS = YES;
				GCC_WARN_UNUSED_FUNCTION = YES;
				GCC_WARN_UNUSED_VARIABLE = YES;
				IPHONEOS_DEPLOYMENT_TARGET = 7.0;
				SDKROOT = iphoneos;
				TARGETED_DEVICE_FAMILY = "1,2";
				VALIDATE_PRODUCT = YES;
			};
			name = Release;
		};
		92B6A4C718AF06F500FA8CC5 /* Debug */ = {
			isa = XCBuildConfiguration;
			buildSettings = {
				ASSETCATALOG_COMPILER_APPICON_NAME = AppIcon;
				ASSETCATALOG_COMPILER_LAUNCHIMAGE_NAME = LaunchImage;
				GCC_PRECOMPILE_PREFIX_HEADER = YES;
				GCC_PREFIX_HEADER = "SquigglePic/SquigglePic-Prefix.pch";
				INFOPLIST_FILE = "SquigglePic/SquigglePic-Info.plist";
				PRODUCT_NAME = "$(TARGET_NAME)";
				WRAPPER_EXTENSION = app;
			};
			name = Debug;
		};
		92B6A4C818AF06F500FA8CC5 /* Release */ = {
			isa = XCBuildConfiguration;
			buildSettings = {
				ASSETCATALOG_COMPILER_APPICON_NAME = AppIcon;
				ASSETCATALOG_COMPILER_LAUNCHIMAGE_NAME = LaunchImage;
				GCC_PRECOMPILE_PREFIX_HEADER = YES;
				GCC_PREFIX_HEADER = "SquigglePic/SquigglePic-Prefix.pch";
				INFOPLIST_FILE = "SquigglePic/SquigglePic-Info.plist";
				PRODUCT_NAME = "$(TARGET_NAME)";
				WRAPPER_EXTENSION = app;
			};
			name = Release;
		};
		92B6A4CA18AF06F500FA8CC5 /* Debug */ = {
			isa = XCBuildConfiguration;
			buildSettings = {
				ARCHS = "$(ARCHS_STANDARD_INCLUDING_64_BIT)";
				BUNDLE_LOADER = "$(BUILT_PRODUCTS_DIR)/SquigglePic.app/SquigglePic";
				FRAMEWORK_SEARCH_PATHS = (
					"$(SDKROOT)/Developer/Library/Frameworks",
					"$(inherited)",
					"$(DEVELOPER_FRAMEWORKS_DIR)",
				);
				GCC_PRECOMPILE_PREFIX_HEADER = YES;
				GCC_PREFIX_HEADER = "SquigglePic/SquigglePic-Prefix.pch";
				GCC_PREPROCESSOR_DEFINITIONS = (
					"DEBUG=1",
					"$(inherited)",
				);
				INFOPLIST_FILE = "SquigglePicTests/SquigglePicTests-Info.plist";
				PRODUCT_NAME = "$(TARGET_NAME)";
				TEST_HOST = "$(BUNDLE_LOADER)";
				WRAPPER_EXTENSION = xctest;
			};
			name = Debug;
		};
		92B6A4CB18AF06F500FA8CC5 /* Release */ = {
			isa = XCBuildConfiguration;
			buildSettings = {
				ARCHS = "$(ARCHS_STANDARD_INCLUDING_64_BIT)";
				BUNDLE_LOADER = "$(BUILT_PRODUCTS_DIR)/SquigglePic.app/SquigglePic";
				FRAMEWORK_SEARCH_PATHS = (
					"$(SDKROOT)/Developer/Library/Frameworks",
					"$(inherited)",
					"$(DEVELOPER_FRAMEWORKS_DIR)",
				);
				GCC_PRECOMPILE_PREFIX_HEADER = YES;
				GCC_PREFIX_HEADER = "SquigglePic/SquigglePic-Prefix.pch";
				INFOPLIST_FILE = "SquigglePicTests/SquigglePicTests-Info.plist";
				PRODUCT_NAME = "$(TARGET_NAME)";
				TEST_HOST = "$(BUNDLE_LOADER)";
				WRAPPER_EXTENSION = xctest;
			};
			name = Release;
		};
/* End XCBuildConfiguration section */

/* Begin XCConfigurationList section */
		92B6A48C18AF06F400FA8CC5 /* Build configuration list for PBXProject "SquigglePic" */ = {
			isa = XCConfigurationList;
			buildConfigurations = (
				92B6A4C418AF06F500FA8CC5 /* Debug */,
				92B6A4C518AF06F500FA8CC5 /* Release */,
			);
			defaultConfigurationIsVisible = 0;
			defaultConfigurationName = Release;
		};
		92B6A4C618AF06F500FA8CC5 /* Build configuration list for PBXNativeTarget "SquigglePic" */ = {
			isa = XCConfigurationList;
			buildConfigurations = (
				92B6A4C718AF06F500FA8CC5 /* Debug */,
				92B6A4C818AF06F500FA8CC5 /* Release */,
			);
			defaultConfigurationIsVisible = 0;
			defaultConfigurationName = Release;
		};
		92B6A4C918AF06F500FA8CC5 /* Build configuration list for PBXNativeTarget "SquigglePicTests" */ = {
			isa = XCConfigurationList;
			buildConfigurations = (
				92B6A4CA18AF06F500FA8CC5 /* Debug */,
				92B6A4CB18AF06F500FA8CC5 /* Release */,
			);
			defaultConfigurationIsVisible = 0;
			defaultConfigurationName = Release;
		};
/* End XCConfigurationList section */
	};
	rootObject = 92B6A48918AF06F400FA8CC5 /* Project object */;
}
