// !$*UTF8*$!
{
	archiveVersion = 1;
	classes = {
	};
	objectVersion = 46;
	objects = {

/* Begin PBXBuildFile section */
		92B6A49518AF06F400FA8CC5 /* Foundation.framework in Frameworks */ = {isa = PBXBuildFile; fileRef = 92B6A49418AF06F400FA8CC5 /* Foundation.framework */; };
		92B6A49718AF06F400FA8CC5 /* CoreGraphics.framework in Frameworks */ = {isa = PBXBuildFile; fileRef = 92B6A49618AF06F400FA8CC5 /* CoreGraphics.framework */; };
		92B6A49918AF06F400FA8CC5 /* UIKit.framework in Frameworks */ = {isa = PBXBuildFile; fileRef = 92B6A49818AF06F400FA8CC5 /* UIKit.framework */; };
		92B6A49F18AF06F400FA8CC5 /* InfoPlist.strings in Resources */ = {isa = PBXBuildFile; fileRef = 92B6A49D18AF06F400FA8CC5 /* InfoPlist.strings */; };
		92B6A4A118AF06F400FA8CC5 /* main.m in Sources */ = {isa = PBXBuildFile; fileRef = 92B6A4A018AF06F400FA8CC5 /* main.m */; };
		92B6A4A518AF06F400FA8CC5 /* ZZZAppDelegate.m in Sources */ = {isa = PBXBuildFile; fileRef = 92B6A4A418AF06F400FA8CC5 /* ZZZAppDelegate.m */; };
		92B6A4A818AF06F400FA8CC5 /* Main_iPhone.storyboard in Resources */ = {isa = PBXBuildFile; fileRef = 92B6A4A618AF06F400FA8CC5 /* Main_iPhone.storyboard */; };
		92B6A4AB18AF06F400FA8CC5 /* Main_iPad.storyboard in Resources */ = {isa = PBXBuildFile; fileRef = 92B6A4A918AF06F400FA8CC5 /* Main_iPad.storyboard */; };
		92B6A4AE18AF06F400FA8CC5 /* ZZZViewController.m in Sources */ = {isa = PBXBuildFile; fileRef = 92B6A4AD18AF06F400FA8CC5 /* ZZZViewController.m */; };
		92B6A4B018AF06F400FA8CC5 /* Images.xcassets in Resources */ = {isa = PBXBuildFile; fileRef = 92B6A4AF18AF06F400FA8CC5 /* Images.xcassets */; };
		92B6A4B718AF06F500FA8CC5 /* XCTest.framework in Frameworks */ = {isa = PBXBuildFile; fileRef = 92B6A4B618AF06F500FA8CC5 /* XCTest.framework */; };
		92B6A4B818AF06F500FA8CC5 /* Foundation.framework in Frameworks */ = {isa = PBXBuildFile; fileRef = 92B6A49418AF06F400FA8CC5 /* Foundation.framework */; };
		92B6A4B918AF06F500FA8CC5 /* UIKit.framework in Frameworks */ = {isa = PBXBuildFile; fileRef = 92B6A49818AF06F400FA8CC5 /* UIKit.framework */; };
		92B6A4C118AF06F500FA8CC5 /* InfoPlist.strings in Resources */ = {isa = PBXBuildFile; fileRef = 92B6A4BF18AF06F500FA8CC5 /* InfoPlist.strings */; };
		92B6A4C318AF06F500FA8CC5 /* SquigglePicTests.m in Sources */ = {isa = PBXBuildFile; fileRef = 92B6A4C218AF06F500FA8CC5 /* SquigglePicTests.m */; };
		92B6A4CD18AF096C00FA8CC5 /* ZZZSmoothBezierInterp.m in Sources */ = {isa = PBXBuildFile; fileRef = 92B6A4CC18AF096C00FA8CC5 /* ZZZSmoothBezierInterp.m */; };
		92B6A4CE18AF096C00FA8CC5 /* ZZZSmoothBezierInterp.m in Sources */ = {isa = PBXBuildFile; fileRef = 92B6A4CC18AF096C00FA8CC5 /* ZZZSmoothBezierInterp.m */; };
		987DE67618BA7FDC00318C00 /* linedpaper_@2x.png in Resources */ = {isa = PBXBuildFile; fileRef = 987DE67418BA7FDC00318C00 /* linedpaper_@2x.png */; };
		987DE67718BA7FDC00318C00 /* linedpaper.png in Resources */ = {isa = PBXBuildFile; fileRef = 987DE67518BA7FDC00318C00 /* linedpaper.png */; };
		987DE6BB18BAE9F000318C00 /* .gitignore in Resources */ = {isa = PBXBuildFile; fileRef = 987DE67918BAE9F000318C00 /* .gitignore */; };
		987DE6BC18BAE9F000318C00 /* KKColorListPicker.podspec in Resources */ = {isa = PBXBuildFile; fileRef = 987DE67A18BAE9F000318C00 /* KKColorListPicker.podspec */; };
		987DE6BE18BAE9F000318C00 /* color_list_parser.rb in Resources */ = {isa = PBXBuildFile; fileRef = 987DE67D18BAE9F000318C00 /* color_list_parser.rb */; };
		987DE6BF18BAE9F000318C00 /* colors_crayola.plist in Resources */ = {isa = PBXBuildFile; fileRef = 987DE67F18BAE9F000318C00 /* colors_crayola.plist */; };
		987DE6C018BAE9F000318C00 /* colors_pantone.plist in Resources */ = {isa = PBXBuildFile; fileRef = 987DE68018BAE9F000318C00 /* colors_pantone.plist */; };
		987DE6C118BAE9F000318C00 /* colors_crayola.txt in Resources */ = {isa = PBXBuildFile; fileRef = 987DE68218BAE9F000318C00 /* colors_crayola.txt */; };
		987DE6C218BAE9F000318C00 /* colors_pantone.txt in Resources */ = {isa = PBXBuildFile; fileRef = 987DE68318BAE9F000318C00 /* colors_pantone.txt */; };
		987DE6C318BAE9F000318C00 /* README.md in Resources */ = {isa = PBXBuildFile; fileRef = 987DE68418BAE9F000318C00 /* README.md */; };
		987DE6C418BAE9F000318C00 /* 1.png in Resources */ = {isa = PBXBuildFile; fileRef = 987DE68618BAE9F000318C00 /* 1.png */; };
		987DE6C518BAE9F000318C00 /* 2.png in Resources */ = {isa = PBXBuildFile; fileRef = 987DE68718BAE9F000318C00 /* 2.png */; };
		987DE6C618BAE9F000318C00 /* UIColor+CustomColors.m in Sources */ = {isa = PBXBuildFile; fileRef = 987DE68D18BAE9F000318C00 /* UIColor+CustomColors.m */; };
		987DE6C718BAE9F000318C00 /* UIView+KKToolKitAdditions.m in Sources */ = {isa = PBXBuildFile; fileRef = 987DE69018BAE9F000318C00 /* UIView+KKToolKitAdditions.m */; };
		987DE6C818BAE9F000318C00 /* KKColorCell.m in Sources */ = {isa = PBXBuildFile; fileRef = 987DE69318BAE9F000318C00 /* KKColorCell.m */; };
		987DE6C918BAE9F000318C00 /* KKColorCell.xib in Resources */ = {isa = PBXBuildFile; fileRef = 987DE69418BAE9F000318C00 /* KKColorCell.xib */; };
		987DE6CA18BAE9F000318C00 /* KKColorsHeaderView.m in Sources */ = {isa = PBXBuildFile; fileRef = 987DE69618BAE9F000318C00 /* KKColorsHeaderView.m */; };
		987DE6CB18BAE9F000318C00 /* KKColorsHeaderView.xib in Resources */ = {isa = PBXBuildFile; fileRef = 987DE69718BAE9F000318C00 /* KKColorsHeaderView.xib */; };
		987DE6CC18BAE9F000318C00 /* KKColor.m in Sources */ = {isa = PBXBuildFile; fileRef = 987DE69A18BAE9F000318C00 /* KKColor.m */; };
		987DE6CD18BAE9F000318C00 /* KKColorsLoader.m in Sources */ = {isa = PBXBuildFile; fileRef = 987DE69D18BAE9F000318C00 /* KKColorsLoader.m */; };
		987DE6CE18BAE9F000318C00 /* KKColorListViewController.m in Sources */ = {isa = PBXBuildFile; fileRef = 987DE6A118BAE9F000318C00 /* KKColorListViewController.m */; };
		987DE6CF18BAE9F000318C00 /* colors_crayola.plist in Resources */ = {isa = PBXBuildFile; fileRef = 987DE6A318BAE9F000318C00 /* colors_crayola.plist */; };
		987DE6D018BAE9F000318C00 /* colors_pantone.plist in Resources */ = {isa = PBXBuildFile; fileRef = 987DE6A418BAE9F000318C00 /* colors_pantone.plist */; };
		987DE6D118BAE9F000318C00 /* Main.storyboard in Resources */ = {isa = PBXBuildFile; fileRef = 987DE6A718BAE9F000318C00 /* Main.storyboard */; };
		987DE6D218BAE9F000318C00 /* InfoPlist.strings in Resources */ = {isa = PBXBuildFile; fileRef = 987DE6A918BAE9F000318C00 /* InfoPlist.strings */; };
		987DE6D418BAE9F000318C00 /* KKAppDelegate.m in Sources */ = {isa = PBXBuildFile; fileRef = 987DE6AD18BAE9F000318C00 /* KKAppDelegate.m */; };
		987DE6D518BAE9F000318C00 /* KKColorListPickerExample-Info.plist in Resources */ = {isa = PBXBuildFile; fileRef = 987DE6AE18BAE9F000318C00 /* KKColorListPickerExample-Info.plist */; };
		987DE6D618BAE9F000318C00 /* KKViewController.m in Sources */ = {isa = PBXBuildFile; fileRef = 987DE6B118BAE9F000318C00 /* KKViewController.m */; };
		987DE6D818BAE9F000318C00 /* InfoPlist.strings in Resources */ = {isa = PBXBuildFile; fileRef = 987DE6B718BAE9F000318C00 /* InfoPlist.strings */; };
		987DE6D918BAE9F000318C00 /* KKColorListPickerExampleTests-Info.plist in Resources */ = {isa = PBXBuildFile; fileRef = 987DE6B918BAE9F000318C00 /* KKColorListPickerExampleTests-Info.plist */; };
		98BCA94418C18D44000952BC /* ZZZThicknessControl.xib in Resources */ = {isa = PBXBuildFile; fileRef = 98BCA94318C18D44000952BC /* ZZZThicknessControl.xib */; };
		B6DFD41088574156A62DDC2C /* libPods.a in Frameworks */ = {isa = PBXBuildFile; fileRef = C576E52469A84BB19B89E23A /* libPods.a */; };
/* End PBXBuildFile section */

/* Begin PBXContainerItemProxy section */
		92B6A4BA18AF06F500FA8CC5 /* PBXContainerItemProxy */ = {
			isa = PBXContainerItemProxy;
			containerPortal = 92B6A48918AF06F400FA8CC5 /* Project object */;
			proxyType = 1;
			remoteGlobalIDString = 92B6A49018AF06F400FA8CC5;
			remoteInfo = SquigglePic;
		};
		987DE6DD18BAE9F100318C00 /* PBXContainerItemProxy */ = {
			isa = PBXContainerItemProxy;
			containerPortal = 987DE6B318BAE9F000318C00 /* KKColorListPickerExample.xcodeproj */;
			proxyType = 2;
			remoteGlobalIDString = 6A7A07F2186F343D005E9FEC;
			remoteInfo = KKColorListPickerExample;
		};
		987DE6DF18BAE9F100318C00 /* PBXContainerItemProxy */ = {
			isa = PBXContainerItemProxy;
			containerPortal = 987DE6B318BAE9F000318C00 /* KKColorListPickerExample.xcodeproj */;
			proxyType = 2;
			remoteGlobalIDString = 6A7A0813186F343D005E9FEC;
			remoteInfo = KKColorListPickerExampleTests;
		};
/* End PBXContainerItemProxy section */

/* Begin PBXFileReference section */
		92B6A49118AF06F400FA8CC5 /* SquigglePic.app */ = {isa = PBXFileReference; explicitFileType = wrapper.application; includeInIndex = 0; path = SquigglePic.app; sourceTree = BUILT_PRODUCTS_DIR; };
		92B6A49418AF06F400FA8CC5 /* Foundation.framework */ = {isa = PBXFileReference; lastKnownFileType = wrapper.framework; name = Foundation.framework; path = System/Library/Frameworks/Foundation.framework; sourceTree = SDKROOT; };
		92B6A49618AF06F400FA8CC5 /* CoreGraphics.framework */ = {isa = PBXFileReference; lastKnownFileType = wrapper.framework; name = CoreGraphics.framework; path = System/Library/Frameworks/CoreGraphics.framework; sourceTree = SDKROOT; };
		92B6A49818AF06F400FA8CC5 /* UIKit.framework */ = {isa = PBXFileReference; lastKnownFileType = wrapper.framework; name = UIKit.framework; path = System/Library/Frameworks/UIKit.framework; sourceTree = SDKROOT; };
		92B6A49C18AF06F400FA8CC5 /* SquigglePic-Info.plist */ = {isa = PBXFileReference; lastKnownFileType = text.plist.xml; path = "SquigglePic-Info.plist"; sourceTree = "<group>"; };
		92B6A49E18AF06F400FA8CC5 /* en */ = {isa = PBXFileReference; lastKnownFileType = text.plist.strings; name = en; path = en.lproj/InfoPlist.strings; sourceTree = "<group>"; };
		92B6A4A018AF06F400FA8CC5 /* main.m */ = {isa = PBXFileReference; lastKnownFileType = sourcecode.c.objc; path = main.m; sourceTree = "<group>"; };
		92B6A4A218AF06F400FA8CC5 /* SquigglePic-Prefix.pch */ = {isa = PBXFileReference; lastKnownFileType = sourcecode.c.h; path = "SquigglePic-Prefix.pch"; sourceTree = "<group>"; };
		92B6A4A318AF06F400FA8CC5 /* ZZZAppDelegate.h */ = {isa = PBXFileReference; lastKnownFileType = sourcecode.c.h; path = ZZZAppDelegate.h; sourceTree = "<group>"; };
		92B6A4A418AF06F400FA8CC5 /* ZZZAppDelegate.m */ = {isa = PBXFileReference; lastKnownFileType = sourcecode.c.objc; path = ZZZAppDelegate.m; sourceTree = "<group>"; };
		92B6A4A718AF06F400FA8CC5 /* Base */ = {isa = PBXFileReference; lastKnownFileType = file.storyboard; name = Base; path = Base.lproj/Main_iPhone.storyboard; sourceTree = "<group>"; };
		92B6A4AA18AF06F400FA8CC5 /* Base */ = {isa = PBXFileReference; lastKnownFileType = file.storyboard; name = Base; path = Base.lproj/Main_iPad.storyboard; sourceTree = "<group>"; };
		92B6A4AC18AF06F400FA8CC5 /* ZZZViewController.h */ = {isa = PBXFileReference; lastKnownFileType = sourcecode.c.h; path = ZZZViewController.h; sourceTree = "<group>"; };
		92B6A4AD18AF06F400FA8CC5 /* ZZZViewController.m */ = {isa = PBXFileReference; lastKnownFileType = sourcecode.c.objc; path = ZZZViewController.m; sourceTree = "<group>"; };
		92B6A4AF18AF06F400FA8CC5 /* Images.xcassets */ = {isa = PBXFileReference; lastKnownFileType = folder.assetcatalog; path = Images.xcassets; sourceTree = "<group>"; };
		92B6A4B518AF06F500FA8CC5 /* SquigglePicTests.xctest */ = {isa = PBXFileReference; explicitFileType = wrapper.cfbundle; includeInIndex = 0; path = SquigglePicTests.xctest; sourceTree = BUILT_PRODUCTS_DIR; };
		92B6A4B618AF06F500FA8CC5 /* XCTest.framework */ = {isa = PBXFileReference; lastKnownFileType = wrapper.framework; name = XCTest.framework; path = Library/Frameworks/XCTest.framework; sourceTree = DEVELOPER_DIR; };
		92B6A4BE18AF06F500FA8CC5 /* SquigglePicTests-Info.plist */ = {isa = PBXFileReference; lastKnownFileType = text.plist.xml; path = "SquigglePicTests-Info.plist"; sourceTree = "<group>"; };
		92B6A4C018AF06F500FA8CC5 /* en */ = {isa = PBXFileReference; lastKnownFileType = text.plist.strings; name = en; path = en.lproj/InfoPlist.strings; sourceTree = "<group>"; };
		92B6A4C218AF06F500FA8CC5 /* SquigglePicTests.m */ = {isa = PBXFileReference; lastKnownFileType = sourcecode.c.objc; path = SquigglePicTests.m; sourceTree = "<group>"; };
		92B6A4CC18AF096C00FA8CC5 /* ZZZSmoothBezierInterp.m */ = {isa = PBXFileReference; fileEncoding = 4; lastKnownFileType = sourcecode.c.objc; path = ZZZSmoothBezierInterp.m; sourceTree = "<group>"; };
		92B6A4CF18AF097400FA8CC5 /* ZZZSmoothBezierInterp.h */ = {isa = PBXFileReference; fileEncoding = 4; lastKnownFileType = sourcecode.c.h; path = ZZZSmoothBezierInterp.h; sourceTree = "<group>"; };
		987DE67418BA7FDC00318C00 /* linedpaper_@2x.png */ = {isa = PBXFileReference; lastKnownFileType = image.png; path = "linedpaper_@2x.png"; sourceTree = "<group>"; };
		987DE67518BA7FDC00318C00 /* linedpaper.png */ = {isa = PBXFileReference; lastKnownFileType = image.png; path = linedpaper.png; sourceTree = "<group>"; };
		987DE67918BAE9F000318C00 /* .gitignore */ = {isa = PBXFileReference; fileEncoding = 4; lastKnownFileType = text; path = .gitignore; sourceTree = "<group>"; };
		987DE67A18BAE9F000318C00 /* KKColorListPicker.podspec */ = {isa = PBXFileReference; fileEncoding = 4; lastKnownFileType = text; path = KKColorListPicker.podspec; sourceTree = "<group>"; };
		987DE67B18BAE9F000318C00 /* LICENSE */ = {isa = PBXFileReference; fileEncoding = 4; lastKnownFileType = text; path = LICENSE; sourceTree = "<group>"; };
		987DE67D18BAE9F000318C00 /* color_list_parser.rb */ = {isa = PBXFileReference; fileEncoding = 4; lastKnownFileType = text.script.ruby; path = color_list_parser.rb; sourceTree = "<group>"; };
		987DE67F18BAE9F000318C00 /* colors_crayola.plist */ = {isa = PBXFileReference; fileEncoding = 4; lastKnownFileType = text.plist.xml; path = colors_crayola.plist; sourceTree = "<group>"; };
		987DE68018BAE9F000318C00 /* colors_pantone.plist */ = {isa = PBXFileReference; fileEncoding = 4; lastKnownFileType = text.plist.xml; path = colors_pantone.plist; sourceTree = "<group>"; };
		987DE68218BAE9F000318C00 /* colors_crayola.txt */ = {isa = PBXFileReference; fileEncoding = 4; lastKnownFileType = text; path = colors_crayola.txt; sourceTree = "<group>"; };
		987DE68318BAE9F000318C00 /* colors_pantone.txt */ = {isa = PBXFileReference; fileEncoding = 4; lastKnownFileType = text; path = colors_pantone.txt; sourceTree = "<group>"; };
		987DE68418BAE9F000318C00 /* README.md */ = {isa = PBXFileReference; fileEncoding = 4; lastKnownFileType = text; path = README.md; sourceTree = "<group>"; };
		987DE68618BAE9F000318C00 /* 1.png */ = {isa = PBXFileReference; lastKnownFileType = image.png; path = 1.png; sourceTree = "<group>"; };
		987DE68718BAE9F000318C00 /* 2.png */ = {isa = PBXFileReference; lastKnownFileType = image.png; path = 2.png; sourceTree = "<group>"; };
		987DE68C18BAE9F000318C00 /* UIColor+CustomColors.h */ = {isa = PBXFileReference; fileEncoding = 4; lastKnownFileType = sourcecode.c.h; path = "UIColor+CustomColors.h"; sourceTree = "<group>"; };
		987DE68D18BAE9F000318C00 /* UIColor+CustomColors.m */ = {isa = PBXFileReference; fileEncoding = 4; lastKnownFileType = sourcecode.c.objc; path = "UIColor+CustomColors.m"; sourceTree = "<group>"; };
		987DE68F18BAE9F000318C00 /* UIView+KKToolKitAdditions.h */ = {isa = PBXFileReference; fileEncoding = 4; lastKnownFileType = sourcecode.c.h; path = "UIView+KKToolKitAdditions.h"; sourceTree = "<group>"; };
		987DE69018BAE9F000318C00 /* UIView+KKToolKitAdditions.m */ = {isa = PBXFileReference; fileEncoding = 4; lastKnownFileType = sourcecode.c.objc; path = "UIView+KKToolKitAdditions.m"; sourceTree = "<group>"; };
		987DE69218BAE9F000318C00 /* KKColorCell.h */ = {isa = PBXFileReference; fileEncoding = 4; lastKnownFileType = sourcecode.c.h; path = KKColorCell.h; sourceTree = "<group>"; };
		987DE69318BAE9F000318C00 /* KKColorCell.m */ = {isa = PBXFileReference; fileEncoding = 4; lastKnownFileType = sourcecode.c.objc; path = KKColorCell.m; sourceTree = "<group>"; };
		987DE69418BAE9F000318C00 /* KKColorCell.xib */ = {isa = PBXFileReference; fileEncoding = 4; lastKnownFileType = file.xib; path = KKColorCell.xib; sourceTree = "<group>"; };
		987DE69518BAE9F000318C00 /* KKColorsHeaderView.h */ = {isa = PBXFileReference; fileEncoding = 4; lastKnownFileType = sourcecode.c.h; path = KKColorsHeaderView.h; sourceTree = "<group>"; };
		987DE69618BAE9F000318C00 /* KKColorsHeaderView.m */ = {isa = PBXFileReference; fileEncoding = 4; lastKnownFileType = sourcecode.c.objc; path = KKColorsHeaderView.m; sourceTree = "<group>"; };
		987DE69718BAE9F000318C00 /* KKColorsHeaderView.xib */ = {isa = PBXFileReference; fileEncoding = 4; lastKnownFileType = file.xib; path = KKColorsHeaderView.xib; sourceTree = "<group>"; };
		987DE69918BAE9F000318C00 /* KKColor.h */ = {isa = PBXFileReference; fileEncoding = 4; lastKnownFileType = sourcecode.c.h; path = KKColor.h; sourceTree = "<group>"; };
		987DE69A18BAE9F000318C00 /* KKColor.m */ = {isa = PBXFileReference; fileEncoding = 4; lastKnownFileType = sourcecode.c.objc; path = KKColor.m; sourceTree = "<group>"; };
		987DE69B18BAE9F000318C00 /* KKColorListPicker.h */ = {isa = PBXFileReference; fileEncoding = 4; lastKnownFileType = sourcecode.c.h; path = KKColorListPicker.h; sourceTree = "<group>"; };
		987DE69C18BAE9F000318C00 /* KKColorsLoader.h */ = {isa = PBXFileReference; fileEncoding = 4; lastKnownFileType = sourcecode.c.h; path = KKColorsLoader.h; sourceTree = "<group>"; };
		987DE69D18BAE9F000318C00 /* KKColorsLoader.m */ = {isa = PBXFileReference; fileEncoding = 4; lastKnownFileType = sourcecode.c.objc; path = KKColorsLoader.m; sourceTree = "<group>"; };
		987DE69E18BAE9F000318C00 /* KKColorsSchemeType.h */ = {isa = PBXFileReference; fileEncoding = 4; lastKnownFileType = sourcecode.c.h; path = KKColorsSchemeType.h; sourceTree = "<group>"; };
		987DE6A018BAE9F000318C00 /* KKColorListViewController.h */ = {isa = PBXFileReference; fileEncoding = 4; lastKnownFileType = sourcecode.c.h; path = KKColorListViewController.h; sourceTree = "<group>"; };
		987DE6A118BAE9F000318C00 /* KKColorListViewController.m */ = {isa = PBXFileReference; fileEncoding = 4; lastKnownFileType = sourcecode.c.objc; path = KKColorListViewController.m; sourceTree = "<group>"; };
		987DE6A318BAE9F000318C00 /* colors_crayola.plist */ = {isa = PBXFileReference; fileEncoding = 4; lastKnownFileType = text.plist.xml; path = colors_crayola.plist; sourceTree = "<group>"; };
		987DE6A418BAE9F000318C00 /* colors_pantone.plist */ = {isa = PBXFileReference; fileEncoding = 4; lastKnownFileType = text.plist.xml; path = colors_pantone.plist; sourceTree = "<group>"; };
		987DE6A818BAE9F000318C00 /* Base */ = {isa = PBXFileReference; lastKnownFileType = file.storyboard; name = Base; path = Base.lproj/Main.storyboard; sourceTree = "<group>"; };
		987DE6AA18BAE9F000318C00 /* en */ = {isa = PBXFileReference; lastKnownFileType = text.plist.strings; name = en; path = en.lproj/InfoPlist.strings; sourceTree = "<group>"; };
		987DE6AB18BAE9F000318C00 /* Images.xcassets */ = {isa = PBXFileReference; lastKnownFileType = folder.assetcatalog; path = Images.xcassets; sourceTree = "<group>"; };
		987DE6AC18BAE9F000318C00 /* KKAppDelegate.h */ = {isa = PBXFileReference; fileEncoding = 4; lastKnownFileType = sourcecode.c.h; path = KKAppDelegate.h; sourceTree = "<group>"; };
		987DE6AD18BAE9F000318C00 /* KKAppDelegate.m */ = {isa = PBXFileReference; fileEncoding = 4; lastKnownFileType = sourcecode.c.objc; path = KKAppDelegate.m; sourceTree = "<group>"; };
		987DE6AE18BAE9F000318C00 /* KKColorListPickerExample-Info.plist */ = {isa = PBXFileReference; fileEncoding = 4; lastKnownFileType = text.plist.xml; path = "KKColorListPickerExample-Info.plist"; sourceTree = "<group>"; };
		987DE6AF18BAE9F000318C00 /* KKColorListPickerExample-Prefix.pch */ = {isa = PBXFileReference; fileEncoding = 4; lastKnownFileType = sourcecode.c.h; path = "KKColorListPickerExample-Prefix.pch"; sourceTree = "<group>"; };
		987DE6B018BAE9F000318C00 /* KKViewController.h */ = {isa = PBXFileReference; fileEncoding = 4; lastKnownFileType = sourcecode.c.h; path = KKViewController.h; sourceTree = "<group>"; };
		987DE6B118BAE9F000318C00 /* KKViewController.m */ = {isa = PBXFileReference; fileEncoding = 4; lastKnownFileType = sourcecode.c.objc; path = KKViewController.m; sourceTree = "<group>"; };
		987DE6B218BAE9F000318C00 /* main.m */ = {isa = PBXFileReference; fileEncoding = 4; lastKnownFileType = sourcecode.c.objc; path = main.m; sourceTree = "<group>"; };
		987DE6B318BAE9F000318C00 /* KKColorListPickerExample.xcodeproj */ = {isa = PBXFileReference; lastKnownFileType = "wrapper.pb-project"; path = KKColorListPickerExample.xcodeproj; sourceTree = "<group>"; };
		987DE6B818BAE9F000318C00 /* en */ = {isa = PBXFileReference; lastKnownFileType = text.plist.strings; name = en; path = en.lproj/InfoPlist.strings; sourceTree = "<group>"; };
		987DE6B918BAE9F000318C00 /* KKColorListPickerExampleTests-Info.plist */ = {isa = PBXFileReference; fileEncoding = 4; lastKnownFileType = text.plist.xml; path = "KKColorListPickerExampleTests-Info.plist"; sourceTree = "<group>"; };
		987DE6BA18BAE9F000318C00 /* KKColorListPickerExampleTests.m */ = {isa = PBXFileReference; fileEncoding = 4; lastKnownFileType = sourcecode.c.objc; path = KKColorListPickerExampleTests.m; sourceTree = "<group>"; };
		98BCA94318C18D44000952BC /* ZZZThicknessControl.xib */ = {isa = PBXFileReference; fileEncoding = 4; lastKnownFileType = file.xib; path = ZZZThicknessControl.xib; sourceTree = "<group>"; };
		C576E52469A84BB19B89E23A /* libPods.a */ = {isa = PBXFileReference; explicitFileType = archive.ar; includeInIndex = 0; path = libPods.a; sourceTree = BUILT_PRODUCTS_DIR; };
		DA9F4C33BCD84C5F9A7C35B9 /* Pods.xcconfig */ = {isa = PBXFileReference; includeInIndex = 1; lastKnownFileType = text.xcconfig; name = Pods.xcconfig; path = Pods/Pods.xcconfig; sourceTree = "<group>"; };
/* End PBXFileReference section */

/* Begin PBXFrameworksBuildPhase section */
		92B6A48E18AF06F400FA8CC5 /* Frameworks */ = {
			isa = PBXFrameworksBuildPhase;
			buildActionMask = 2147483647;
			files = (
				92B6A49718AF06F400FA8CC5 /* CoreGraphics.framework in Frameworks */,
				92B6A49918AF06F400FA8CC5 /* UIKit.framework in Frameworks */,
				92B6A49518AF06F400FA8CC5 /* Foundation.framework in Frameworks */,
				B6DFD41088574156A62DDC2C /* libPods.a in Frameworks */,
			);
			runOnlyForDeploymentPostprocessing = 0;
		};
		92B6A4B218AF06F500FA8CC5 /* Frameworks */ = {
			isa = PBXFrameworksBuildPhase;
			buildActionMask = 2147483647;
			files = (
				92B6A4B718AF06F500FA8CC5 /* XCTest.framework in Frameworks */,
				92B6A4B918AF06F500FA8CC5 /* UIKit.framework in Frameworks */,
				92B6A4B818AF06F500FA8CC5 /* Foundation.framework in Frameworks */,
			);
			runOnlyForDeploymentPostprocessing = 0;
		};
/* End PBXFrameworksBuildPhase section */

/* Begin PBXGroup section */
		92B6A48818AF06F400FA8CC5 = {
			isa = PBXGroup;
			children = (
				92B6A49A18AF06F400FA8CC5 /* SquigglePic */,
				92B6A4BC18AF06F500FA8CC5 /* SquigglePicTests */,
				92B6A49318AF06F400FA8CC5 /* Frameworks */,
				92B6A49218AF06F400FA8CC5 /* Products */,
				DA9F4C33BCD84C5F9A7C35B9 /* Pods.xcconfig */,
			);
			sourceTree = "<group>";
		};
		92B6A49218AF06F400FA8CC5 /* Products */ = {
			isa = PBXGroup;
			children = (
				92B6A49118AF06F400FA8CC5 /* SquigglePic.app */,
				92B6A4B518AF06F500FA8CC5 /* SquigglePicTests.xctest */,
			);
			name = Products;
			sourceTree = "<group>";
		};
		92B6A49318AF06F400FA8CC5 /* Frameworks */ = {
			isa = PBXGroup;
			children = (
				92B6A49418AF06F400FA8CC5 /* Foundation.framework */,
				92B6A49618AF06F400FA8CC5 /* CoreGraphics.framework */,
				92B6A49818AF06F400FA8CC5 /* UIKit.framework */,
				92B6A4B618AF06F500FA8CC5 /* XCTest.framework */,
				C576E52469A84BB19B89E23A /* libPods.a */,
			);
			name = Frameworks;
			sourceTree = "<group>";
		};
		92B6A49A18AF06F400FA8CC5 /* SquigglePic */ = {
			isa = PBXGroup;
			children = (
				987DE67318BA7FC400318C00 /* Images */,
				92B6A4A318AF06F400FA8CC5 /* ZZZAppDelegate.h */,
				92B6A4CC18AF096C00FA8CC5 /* ZZZSmoothBezierInterp.m */,
				92B6A4CF18AF097400FA8CC5 /* ZZZSmoothBezierInterp.h */,
				92B6A4A418AF06F400FA8CC5 /* ZZZAppDelegate.m */,
				92B6A4A618AF06F400FA8CC5 /* Main_iPhone.storyboard */,
				92B6A4A918AF06F400FA8CC5 /* Main_iPad.storyboard */,
				92B6A4AC18AF06F400FA8CC5 /* ZZZViewController.h */,
				92B6A4AD18AF06F400FA8CC5 /* ZZZViewController.m */,
				98BCA94318C18D44000952BC /* ZZZThicknessControl.xib */,
				92B6A4AF18AF06F400FA8CC5 /* Images.xcassets */,
				92B6A49B18AF06F400FA8CC5 /* Supporting Files */,
			);
			path = SquigglePic;
			sourceTree = "<group>";
		};
		92B6A49B18AF06F400FA8CC5 /* Supporting Files */ = {
			isa = PBXGroup;
			children = (
				987DE67818BAE9F000318C00 /* KKColorListPicker */,
				92B6A49C18AF06F400FA8CC5 /* SquigglePic-Info.plist */,
				92B6A49D18AF06F400FA8CC5 /* InfoPlist.strings */,
				92B6A4A018AF06F400FA8CC5 /* main.m */,
				92B6A4A218AF06F400FA8CC5 /* SquigglePic-Prefix.pch */,
			);
			name = "Supporting Files";
			sourceTree = "<group>";
		};
		92B6A4BC18AF06F500FA8CC5 /* SquigglePicTests */ = {
			isa = PBXGroup;
			children = (
				92B6A4C218AF06F500FA8CC5 /* SquigglePicTests.m */,
				92B6A4BD18AF06F500FA8CC5 /* Supporting Files */,
			);
			path = SquigglePicTests;
			sourceTree = "<group>";
		};
		92B6A4BD18AF06F500FA8CC5 /* Supporting Files */ = {
			isa = PBXGroup;
			children = (
				92B6A4BE18AF06F500FA8CC5 /* SquigglePicTests-Info.plist */,
				92B6A4BF18AF06F500FA8CC5 /* InfoPlist.strings */,
			);
			name = "Supporting Files";
			sourceTree = "<group>";
		};
		987DE67318BA7FC400318C00 /* Images */ = {
			isa = PBXGroup;
			children = (
				987DE67418BA7FDC00318C00 /* linedpaper_@2x.png */,
				987DE67518BA7FDC00318C00 /* linedpaper.png */,
			);
			name = Images;
			sourceTree = "<group>";
		};
		987DE67818BAE9F000318C00 /* KKColorListPicker */ = {
			isa = PBXGroup;
			children = (
				987DE67918BAE9F000318C00 /* .gitignore */,
				987DE67A18BAE9F000318C00 /* KKColorListPicker.podspec */,
				987DE67B18BAE9F000318C00 /* LICENSE */,
				987DE67C18BAE9F000318C00 /* parser */,
				987DE68418BAE9F000318C00 /* README.md */,
				987DE68518BAE9F000318C00 /* screenshots */,
				987DE68818BAE9F000318C00 /* src */,
			);
			path = KKColorListPicker;
			sourceTree = "<group>";
		};
		987DE67C18BAE9F000318C00 /* parser */ = {
			isa = PBXGroup;
			children = (
				987DE67D18BAE9F000318C00 /* color_list_parser.rb */,
				987DE67E18BAE9F000318C00 /* plists */,
				987DE68118BAE9F000318C00 /* sources */,
			);
			path = parser;
			sourceTree = "<group>";
		};
		987DE67E18BAE9F000318C00 /* plists */ = {
			isa = PBXGroup;
			children = (
				987DE67F18BAE9F000318C00 /* colors_crayola.plist */,
				987DE68018BAE9F000318C00 /* colors_pantone.plist */,
			);
			path = plists;
			sourceTree = "<group>";
		};
		987DE68118BAE9F000318C00 /* sources */ = {
			isa = PBXGroup;
			children = (
				987DE68218BAE9F000318C00 /* colors_crayola.txt */,
				987DE68318BAE9F000318C00 /* colors_pantone.txt */,
			);
			path = sources;
			sourceTree = "<group>";
		};
		987DE68518BAE9F000318C00 /* screenshots */ = {
			isa = PBXGroup;
			children = (
				987DE68618BAE9F000318C00 /* 1.png */,
				987DE68718BAE9F000318C00 /* 2.png */,
			);
			path = screenshots;
			sourceTree = "<group>";
		};
		987DE68818BAE9F000318C00 /* src */ = {
			isa = PBXGroup;
			children = (
				987DE68918BAE9F000318C00 /* KKColorListPicker */,
				987DE6A518BAE9F000318C00 /* KKColorListPickerExample */,
			);
			path = src;
			sourceTree = "<group>";
		};
		987DE68918BAE9F000318C00 /* KKColorListPicker */ = {
			isa = PBXGroup;
			children = (
				987DE68A18BAE9F000318C00 /* Categories */,
				987DE69118BAE9F000318C00 /* Cells */,
				987DE69818BAE9F000318C00 /* Classes */,
				987DE69F18BAE9F000318C00 /* Controllers */,
				987DE6A218BAE9F000318C00 /* Schemes */,
			);
			path = KKColorListPicker;
			sourceTree = "<group>";
		};
		987DE68A18BAE9F000318C00 /* Categories */ = {
			isa = PBXGroup;
			children = (
				987DE68B18BAE9F000318C00 /* UIColor */,
				987DE68E18BAE9F000318C00 /* UIView */,
			);
			path = Categories;
			sourceTree = "<group>";
		};
		987DE68B18BAE9F000318C00 /* UIColor */ = {
			isa = PBXGroup;
			children = (
				987DE68C18BAE9F000318C00 /* UIColor+CustomColors.h */,
				987DE68D18BAE9F000318C00 /* UIColor+CustomColors.m */,
			);
			path = UIColor;
			sourceTree = "<group>";
		};
		987DE68E18BAE9F000318C00 /* UIView */ = {
			isa = PBXGroup;
			children = (
				987DE68F18BAE9F000318C00 /* UIView+KKToolKitAdditions.h */,
				987DE69018BAE9F000318C00 /* UIView+KKToolKitAdditions.m */,
			);
			path = UIView;
			sourceTree = "<group>";
		};
		987DE69118BAE9F000318C00 /* Cells */ = {
			isa = PBXGroup;
			children = (
				987DE69218BAE9F000318C00 /* KKColorCell.h */,
				987DE69318BAE9F000318C00 /* KKColorCell.m */,
				987DE69418BAE9F000318C00 /* KKColorCell.xib */,
				987DE69518BAE9F000318C00 /* KKColorsHeaderView.h */,
				987DE69618BAE9F000318C00 /* KKColorsHeaderView.m */,
				987DE69718BAE9F000318C00 /* KKColorsHeaderView.xib */,
			);
			path = Cells;
			sourceTree = "<group>";
		};
		987DE69818BAE9F000318C00 /* Classes */ = {
			isa = PBXGroup;
			children = (
				987DE69918BAE9F000318C00 /* KKColor.h */,
				987DE69A18BAE9F000318C00 /* KKColor.m */,
				987DE69B18BAE9F000318C00 /* KKColorListPicker.h */,
				987DE69C18BAE9F000318C00 /* KKColorsLoader.h */,
				987DE69D18BAE9F000318C00 /* KKColorsLoader.m */,
				987DE69E18BAE9F000318C00 /* KKColorsSchemeType.h */,
			);
			path = Classes;
			sourceTree = "<group>";
		};
		987DE69F18BAE9F000318C00 /* Controllers */ = {
			isa = PBXGroup;
			children = (
				987DE6A018BAE9F000318C00 /* KKColorListViewController.h */,
				987DE6A118BAE9F000318C00 /* KKColorListViewController.m */,
			);
			path = Controllers;
			sourceTree = "<group>";
		};
		987DE6A218BAE9F000318C00 /* Schemes */ = {
			isa = PBXGroup;
			children = (
				987DE6A318BAE9F000318C00 /* colors_crayola.plist */,
				987DE6A418BAE9F000318C00 /* colors_pantone.plist */,
			);
			path = Schemes;
			sourceTree = "<group>";
		};
		987DE6A518BAE9F000318C00 /* KKColorListPickerExample */ = {
			isa = PBXGroup;
			children = (
				987DE6A618BAE9F000318C00 /* KKColorListPickerExample */,
				987DE6B318BAE9F000318C00 /* KKColorListPickerExample.xcodeproj */,
				987DE6B618BAE9F000318C00 /* KKColorListPickerExampleTests */,
			);
			path = KKColorListPickerExample;
			sourceTree = "<group>";
		};
		987DE6A618BAE9F000318C00 /* KKColorListPickerExample */ = {
			isa = PBXGroup;
			children = (
				987DE6A718BAE9F000318C00 /* Main.storyboard */,
				987DE6A918BAE9F000318C00 /* InfoPlist.strings */,
				987DE6AB18BAE9F000318C00 /* Images.xcassets */,
				987DE6AC18BAE9F000318C00 /* KKAppDelegate.h */,
				987DE6AD18BAE9F000318C00 /* KKAppDelegate.m */,
				987DE6AE18BAE9F000318C00 /* KKColorListPickerExample-Info.plist */,
				987DE6AF18BAE9F000318C00 /* KKColorListPickerExample-Prefix.pch */,
				987DE6B018BAE9F000318C00 /* KKViewController.h */,
				987DE6B118BAE9F000318C00 /* KKViewController.m */,
				987DE6B218BAE9F000318C00 /* main.m */,
			);
			path = KKColorListPickerExample;
			sourceTree = "<group>";
		};
		987DE6B418BAE9F000318C00 /* Products */ = {
			isa = PBXGroup;
			children = (
				987DE6DE18BAE9F100318C00 /* KKColorListPickerExample.app */,
				987DE6E018BAE9F100318C00 /* KKColorListPickerExampleTests.xctest */,
			);
			name = Products;
			sourceTree = "<group>";
		};
		987DE6B618BAE9F000318C00 /* KKColorListPickerExampleTests */ = {
			isa = PBXGroup;
			children = (
				987DE6B718BAE9F000318C00 /* InfoPlist.strings */,
				987DE6B918BAE9F000318C00 /* KKColorListPickerExampleTests-Info.plist */,
				987DE6BA18BAE9F000318C00 /* KKColorListPickerExampleTests.m */,
			);
			path = KKColorListPickerExampleTests;
			sourceTree = "<group>";
		};
/* End PBXGroup section */

/* Begin PBXNativeTarget section */
		92B6A49018AF06F400FA8CC5 /* SquigglePic */ = {
			isa = PBXNativeTarget;
			buildConfigurationList = 92B6A4C618AF06F500FA8CC5 /* Build configuration list for PBXNativeTarget "SquigglePic" */;
			buildPhases = (
				6FE711C2BA044866A269E849 /* Check Pods Manifest.lock */,
				92B6A48D18AF06F400FA8CC5 /* Sources */,
				92B6A48E18AF06F400FA8CC5 /* Frameworks */,
				92B6A48F18AF06F400FA8CC5 /* Resources */,
				9587E3C312924F1887087889 /* Copy Pods Resources */,
			);
			buildRules = (
			);
			dependencies = (
			);
			name = SquigglePic;
			productName = SquigglePic;
			productReference = 92B6A49118AF06F400FA8CC5 /* SquigglePic.app */;
			productType = "com.apple.product-type.application";
		};
		92B6A4B418AF06F500FA8CC5 /* SquigglePicTests */ = {
			isa = PBXNativeTarget;
			buildConfigurationList = 92B6A4C918AF06F500FA8CC5 /* Build configuration list for PBXNativeTarget "SquigglePicTests" */;
			buildPhases = (
				92B6A4B118AF06F500FA8CC5 /* Sources */,
				92B6A4B218AF06F500FA8CC5 /* Frameworks */,
				92B6A4B318AF06F500FA8CC5 /* Resources */,
			);
			buildRules = (
			);
			dependencies = (
				92B6A4BB18AF06F500FA8CC5 /* PBXTargetDependency */,
			);
			name = SquigglePicTests;
			productName = SquigglePicTests;
			productReference = 92B6A4B518AF06F500FA8CC5 /* SquigglePicTests.xctest */;
			productType = "com.apple.product-type.bundle.unit-test";
		};
/* End PBXNativeTarget section */

/* Begin PBXProject section */
		92B6A48918AF06F400FA8CC5 /* Project object */ = {
			isa = PBXProject;
			attributes = {
				CLASSPREFIX = ZZZ;
				LastUpgradeCheck = 0500;
				ORGANIZATIONNAME = Zacg;
				TargetAttributes = {
					92B6A4B418AF06F500FA8CC5 = {
						TestTargetID = 92B6A49018AF06F400FA8CC5;
					};
				};
			};
			buildConfigurationList = 92B6A48C18AF06F400FA8CC5 /* Build configuration list for PBXProject "SquigglePic" */;
			compatibilityVersion = "Xcode 3.2";
			developmentRegion = English;
			hasScannedForEncodings = 0;
			knownRegions = (
				en,
				Base,
			);
			mainGroup = 92B6A48818AF06F400FA8CC5;
			productRefGroup = 92B6A49218AF06F400FA8CC5 /* Products */;
			projectDirPath = "";
			projectReferences = (
				{
					ProductGroup = 987DE6B418BAE9F000318C00 /* Products */;
					ProjectRef = 987DE6B318BAE9F000318C00 /* KKColorListPickerExample.xcodeproj */;
				},
			);
			projectRoot = "";
			targets = (
				92B6A49018AF06F400FA8CC5 /* SquigglePic */,
				92B6A4B418AF06F500FA8CC5 /* SquigglePicTests */,
			);
		};
/* End PBXProject section */

/* Begin PBXReferenceProxy section */
		987DE6DE18BAE9F100318C00 /* KKColorListPickerExample.app */ = {
			isa = PBXReferenceProxy;
			fileType = wrapper.application;
			path = KKColorListPickerExample.app;
			remoteRef = 987DE6DD18BAE9F100318C00 /* PBXContainerItemProxy */;
			sourceTree = BUILT_PRODUCTS_DIR;
		};
		987DE6E018BAE9F100318C00 /* KKColorListPickerExampleTests.xctest */ = {
			isa = PBXReferenceProxy;
			fileType = wrapper.cfbundle;
			path = KKColorListPickerExampleTests.xctest;
			remoteRef = 987DE6DF18BAE9F100318C00 /* PBXContainerItemProxy */;
			sourceTree = BUILT_PRODUCTS_DIR;
		};
/* End PBXReferenceProxy section */

/* Begin PBXResourcesBuildPhase section */
		92B6A48F18AF06F400FA8CC5 /* Resources */ = {
			isa = PBXResourcesBuildPhase;
			buildActionMask = 2147483647;
			files = (
				987DE6D018BAE9F000318C00 /* colors_pantone.plist in Resources */,
				987DE6C018BAE9F000318C00 /* colors_pantone.plist in Resources */,
				987DE6D518BAE9F000318C00 /* KKColorListPickerExample-Info.plist in Resources */,
				98BCA94418C18D44000952BC /* ZZZThicknessControl.xib in Resources */,
				987DE6D818BAE9F000318C00 /* InfoPlist.strings in Resources */,
				92B6A4AB18AF06F400FA8CC5 /* Main_iPad.storyboard in Resources */,
				987DE6C518BAE9F000318C00 /* 2.png in Resources */,
				987DE6BB18BAE9F000318C00 /* .gitignore in Resources */,
				987DE6D118BAE9F000318C00 /* Main.storyboard in Resources */,
				987DE67718BA7FDC00318C00 /* linedpaper.png in Resources */,
				987DE67618BA7FDC00318C00 /* linedpaper_@2x.png in Resources */,
				987DE6BC18BAE9F000318C00 /* KKColorListPicker.podspec in Resources */,
				987DE6D218BAE9F000318C00 /* InfoPlist.strings in Resources */,
				987DE6D918BAE9F000318C00 /* KKColorListPickerExampleTests-Info.plist in Resources */,
				987DE6C918BAE9F000318C00 /* KKColorCell.xib in Resources */,
				92B6A4B018AF06F400FA8CC5 /* Images.xcassets in Resources */,
				987DE6BF18BAE9F000318C00 /* colors_crayola.plist in Resources */,
				987DE6C418BAE9F000318C00 /* 1.png in Resources */,
				92B6A4A818AF06F400FA8CC5 /* Main_iPhone.storyboard in Resources */,
				987DE6BE18BAE9F000318C00 /* color_list_parser.rb in Resources */,
				987DE6C118BAE9F000318C00 /* colors_crayola.txt in Resources */,
				987DE6C318BAE9F000318C00 /* README.md in Resources */,
				987DE6C218BAE9F000318C00 /* colors_pantone.txt in Resources */,
				987DE6CB18BAE9F000318C00 /* KKColorsHeaderView.xib in Resources */,
				987DE6CF18BAE9F000318C00 /* colors_crayola.plist in Resources */,
				92B6A49F18AF06F400FA8CC5 /* InfoPlist.strings in Resources */,
			);
			runOnlyForDeploymentPostprocessing = 0;
		};
		92B6A4B318AF06F500FA8CC5 /* Resources */ = {
			isa = PBXResourcesBuildPhase;
			buildActionMask = 2147483647;
			files = (
				92B6A4C118AF06F500FA8CC5 /* InfoPlist.strings in Resources */,
			);
			runOnlyForDeploymentPostprocessing = 0;
		};
/* End PBXResourcesBuildPhase section */

/* Begin PBXShellScriptBuildPhase section */
		6FE711C2BA044866A269E849 /* Check Pods Manifest.lock */ = {
			isa = PBXShellScriptBuildPhase;
			buildActionMask = 2147483647;
			files = (
			);
			inputPaths = (
			);
			name = "Check Pods Manifest.lock";
			outputPaths = (
			);
			runOnlyForDeploymentPostprocessing = 0;
			shellPath = /bin/sh;
			shellScript = "diff \"${PODS_ROOT}/../Podfile.lock\" \"${PODS_ROOT}/Manifest.lock\" > /dev/null\nif [[ $? != 0 ]] ; then\n    cat << EOM\nerror: The sandbox is not in sync with the Podfile.lock. Run 'pod install' or update your CocoaPods installation.\nEOM\n    exit 1\nfi\n";
			showEnvVarsInLog = 0;
		};
		9587E3C312924F1887087889 /* Copy Pods Resources */ = {
			isa = PBXShellScriptBuildPhase;
			buildActionMask = 2147483647;
			files = (
			);
			inputPaths = (
			);
			name = "Copy Pods Resources";
			outputPaths = (
			);
			runOnlyForDeploymentPostprocessing = 0;
			shellPath = /bin/sh;
			shellScript = "\"${SRCROOT}/Pods/Pods-resources.sh\"\n";
			showEnvVarsInLog = 0;
		};
/* End PBXShellScriptBuildPhase section */

/* Begin PBXSourcesBuildPhase section */
		92B6A48D18AF06F400FA8CC5 /* Sources */ = {
			isa = PBXSourcesBuildPhase;
			buildActionMask = 2147483647;
			files = (
				987DE6D418BAE9F000318C00 /* KKAppDelegate.m in Sources */,
				987DE6CC18BAE9F000318C00 /* KKColor.m in Sources */,
				92B6A4A118AF06F400FA8CC5 /* main.m in Sources */,
				92B6A4CD18AF096C00FA8CC5 /* ZZZSmoothBezierInterp.m in Sources */,
				987DE6C618BAE9F000318C00 /* UIColor+CustomColors.m in Sources */,
				987DE6CA18BAE9F000318C00 /* KKColorsHeaderView.m in Sources */,
				92B6A4A518AF06F400FA8CC5 /* ZZZAppDelegate.m in Sources */,
				92B6A4AE18AF06F400FA8CC5 /* ZZZViewController.m in Sources */,
				987DE6CE18BAE9F000318C00 /* KKColorListViewController.m in Sources */,
				987DE6C718BAE9F000318C00 /* UIView+KKToolKitAdditions.m in Sources */,
				987DE6CD18BAE9F000318C00 /* KKColorsLoader.m in Sources */,
				987DE6C818BAE9F000318C00 /* KKColorCell.m in Sources */,
				987DE6D618BAE9F000318C00 /* KKViewController.m in Sources */,
			);
			runOnlyForDeploymentPostprocessing = 0;
		};
		92B6A4B118AF06F500FA8CC5 /* Sources */ = {
			isa = PBXSourcesBuildPhase;
			buildActionMask = 2147483647;
			files = (
				92B6A4C318AF06F500FA8CC5 /* SquigglePicTests.m in Sources */,
				92B6A4CE18AF096C00FA8CC5 /* ZZZSmoothBezierInterp.m in Sources */,
			);
			runOnlyForDeploymentPostprocessing = 0;
		};
/* End PBXSourcesBuildPhase section */

/* Begin PBXTargetDependency section */
		92B6A4BB18AF06F500FA8CC5 /* PBXTargetDependency */ = {
			isa = PBXTargetDependency;
			target = 92B6A49018AF06F400FA8CC5 /* SquigglePic */;
			targetProxy = 92B6A4BA18AF06F500FA8CC5 /* PBXContainerItemProxy */;
		};
/* End PBXTargetDependency section */

/* Begin PBXVariantGroup section */
		92B6A49D18AF06F400FA8CC5 /* InfoPlist.strings */ = {
			isa = PBXVariantGroup;
			children = (
				92B6A49E18AF06F400FA8CC5 /* en */,
			);
			name = InfoPlist.strings;
			sourceTree = "<group>";
		};
		92B6A4A618AF06F400FA8CC5 /* Main_iPhone.storyboard */ = {
			isa = PBXVariantGroup;
			children = (
				92B6A4A718AF06F400FA8CC5 /* Base */,
			);
			name = Main_iPhone.storyboard;
			sourceTree = "<group>";
		};
		92B6A4A918AF06F400FA8CC5 /* Main_iPad.storyboard */ = {
			isa = PBXVariantGroup;
			children = (
				92B6A4AA18AF06F400FA8CC5 /* Base */,
			);
			name = Main_iPad.storyboard;
			sourceTree = "<group>";
		};
		92B6A4BF18AF06F500FA8CC5 /* InfoPlist.strings */ = {
			isa = PBXVariantGroup;
			children = (
				92B6A4C018AF06F500FA8CC5 /* en */,
			);
			name = InfoPlist.strings;
			sourceTree = "<group>";
		};
		987DE6A718BAE9F000318C00 /* Main.storyboard */ = {
			isa = PBXVariantGroup;
			children = (
				987DE6A818BAE9F000318C00 /* Base */,
			);
			name = Main.storyboard;
			sourceTree = "<group>";
		};
		987DE6A918BAE9F000318C00 /* InfoPlist.strings */ = {
			isa = PBXVariantGroup;
			children = (
				987DE6AA18BAE9F000318C00 /* en */,
			);
			name = InfoPlist.strings;
			sourceTree = "<group>";
		};
		987DE6B718BAE9F000318C00 /* InfoPlist.strings */ = {
			isa = PBXVariantGroup;
			children = (
				987DE6B818BAE9F000318C00 /* en */,
			);
			name = InfoPlist.strings;
			sourceTree = "<group>";
		};
/* End PBXVariantGroup section */

/* Begin XCBuildConfiguration section */
		92B6A4C418AF06F500FA8CC5 /* Debug */ = {
			isa = XCBuildConfiguration;
			buildSettings = {
				ALWAYS_SEARCH_USER_PATHS = NO;
				ARCHS = "$(ARCHS_STANDARD_INCLUDING_64_BIT)";
				CLANG_CXX_LANGUAGE_STANDARD = "gnu++0x";
				CLANG_CXX_LIBRARY = "libc++";
				CLANG_ENABLE_MODULES = YES;
				CLANG_ENABLE_OBJC_ARC = YES;
				CLANG_WARN_BOOL_CONVERSION = YES;
				CLANG_WARN_CONSTANT_CONVERSION = YES;
				CLANG_WARN_DIRECT_OBJC_ISA_USAGE = YES_ERROR;
				CLANG_WARN_EMPTY_BODY = YES;
				CLANG_WARN_ENUM_CONVERSION = YES;
				CLANG_WARN_INT_CONVERSION = YES;
				CLANG_WARN_OBJC_ROOT_CLASS = YES_ERROR;
				CLANG_WARN__DUPLICATE_METHOD_MATCH = YES;
				"CODE_SIGN_IDENTITY[sdk=iphoneos*]" = "iPhone Developer";
				COPY_PHASE_STRIP = NO;
				GCC_C_LANGUAGE_STANDARD = gnu99;
				GCC_DYNAMIC_NO_PIC = NO;
				GCC_OPTIMIZATION_LEVEL = 0;
				GCC_PREPROCESSOR_DEFINITIONS = (
					"DEBUG=1",
					"$(inherited)",
				);
				GCC_SYMBOLS_PRIVATE_EXTERN = NO;
				GCC_WARN_64_TO_32_BIT_CONVERSION = YES;
				GCC_WARN_ABOUT_RETURN_TYPE = YES_ERROR;
				GCC_WARN_UNDECLARED_SELECTOR = YES;
				GCC_WARN_UNINITIALIZED_AUTOS = YES;
				GCC_WARN_UNUSED_FUNCTION = YES;
				GCC_WARN_UNUSED_VARIABLE = YES;
				IPHONEOS_DEPLOYMENT_TARGET = 7.0;
				ONLY_ACTIVE_ARCH = YES;
				SDKROOT = iphoneos;
				TARGETED_DEVICE_FAMILY = "1,2";
			};
			name = Debug;
		};
		92B6A4C518AF06F500FA8CC5 /* Release */ = {
			isa = XCBuildConfiguration;
			buildSettings = {
				ALWAYS_SEARCH_USER_PATHS = NO;
				ARCHS = "$(ARCHS_STANDARD_INCLUDING_64_BIT)";
				CLANG_CXX_LANGUAGE_STANDARD = "gnu++0x";
				CLANG_CXX_LIBRARY = "libc++";
				CLANG_ENABLE_MODULES = YES;
				CLANG_ENABLE_OBJC_ARC = YES;
				CLANG_WARN_BOOL_CONVERSION = YES;
				CLANG_WARN_CONSTANT_CONVERSION = YES;
				CLANG_WARN_DIRECT_OBJC_ISA_USAGE = YES_ERROR;
				CLANG_WARN_EMPTY_BODY = YES;
				CLANG_WARN_ENUM_CONVERSION = YES;
				CLANG_WARN_INT_CONVERSION = YES;
				CLANG_WARN_OBJC_ROOT_CLASS = YES_ERROR;
				CLANG_WARN__DUPLICATE_METHOD_MATCH = YES;
				"CODE_SIGN_IDENTITY[sdk=iphoneos*]" = "iPhone Developer";
				COPY_PHASE_STRIP = YES;
				ENABLE_NS_ASSERTIONS = NO;
				GCC_C_LANGUAGE_STANDARD = gnu99;
				GCC_WARN_64_TO_32_BIT_CONVERSION = YES;
				GCC_WARN_ABOUT_RETURN_TYPE = YES_ERROR;
				GCC_WARN_UNDECLARED_SELECTOR = YES;
				GCC_WARN_UNINITIALIZED_AUTOS = YES;
				GCC_WARN_UNUSED_FUNCTION = YES;
				GCC_WARN_UNUSED_VARIABLE = YES;
				IPHONEOS_DEPLOYMENT_TARGET = 7.0;
				SDKROOT = iphoneos;
				TARGETED_DEVICE_FAMILY = "1,2";
				VALIDATE_PRODUCT = YES;
			};
			name = Release;
		};
		92B6A4C718AF06F500FA8CC5 /* Debug */ = {
			isa = XCBuildConfiguration;
			baseConfigurationReference = DA9F4C33BCD84C5F9A7C35B9 /* Pods.xcconfig */;
			buildSettings = {
				ASSETCATALOG_COMPILER_APPICON_NAME = AppIcon;
				ASSETCATALOG_COMPILER_LAUNCHIMAGE_NAME = LaunchImage;
				GCC_PRECOMPILE_PREFIX_HEADER = YES;
				GCC_PREFIX_HEADER = "SquigglePic/SquigglePic-Prefix.pch";
				HEADER_SEARCH_PATHS = (
					"\"${PODS_ROOT}/Headers\"",
					"\"${PODS_ROOT}/Headers/PEPhotoCropEditor\"",
					"\"${SRCROOT}/KKColorListPicker/\"/**",
				);
				INFOPLIST_FILE = "SquigglePic/SquigglePic-Info.plist";
				PRODUCT_NAME = "$(TARGET_NAME)";
				WRAPPER_EXTENSION = app;
			};
			name = Debug;
		};
		92B6A4C818AF06F500FA8CC5 /* Release */ = {
			isa = XCBuildConfiguration;
			baseConfigurationReference = DA9F4C33BCD84C5F9A7C35B9 /* Pods.xcconfig */;
			buildSettings = {
				ASSETCATALOG_COMPILER_APPICON_NAME = AppIcon;
				ASSETCATALOG_COMPILER_LAUNCHIMAGE_NAME = LaunchImage;
				GCC_PRECOMPILE_PREFIX_HEADER = YES;
				GCC_PREFIX_HEADER = "SquigglePic/SquigglePic-Prefix.pch";
				HEADER_SEARCH_PATHS = (
					"\"${PODS_ROOT}/Headers\"",
					"\"${PODS_ROOT}/Headers/PEPhotoCropEditor\"",
					"\"${SRCROOT}/KKColorListPicker/\"/**",
				);
				INFOPLIST_FILE = "SquigglePic/SquigglePic-Info.plist";
				PRODUCT_NAME = "$(TARGET_NAME)";
				WRAPPER_EXTENSION = app;
			};
			name = Release;
		};
		92B6A4CA18AF06F500FA8CC5 /* Debug */ = {
			isa = XCBuildConfiguration;
			buildSettings = {
				ARCHS = "$(ARCHS_STANDARD_INCLUDING_64_BIT)";
				BUNDLE_LOADER = "$(BUILT_PRODUCTS_DIR)/SquigglePic.app/SquigglePic";
				FRAMEWORK_SEARCH_PATHS = (
					"$(SDKROOT)/Developer/Library/Frameworks",
					"$(inherited)",
					"$(DEVELOPER_FRAMEWORKS_DIR)",
				);
				GCC_PRECOMPILE_PREFIX_HEADER = YES;
				GCC_PREFIX_HEADER = "SquigglePic/SquigglePic-Prefix.pch";
				GCC_PREPROCESSOR_DEFINITIONS = (
					"DEBUG=1",
					"$(inherited)",
				);
				INFOPLIST_FILE = "SquigglePicTests/SquigglePicTests-Info.plist";
				PRODUCT_NAME = "$(TARGET_NAME)";
				TEST_HOST = "$(BUNDLE_LOADER)";
				WRAPPER_EXTENSION = xctest;
			};
			name = Debug;
		};
		92B6A4CB18AF06F500FA8CC5 /* Release */ = {
			isa = XCBuildConfiguration;
			buildSettings = {
				ARCHS = "$(ARCHS_STANDARD_INCLUDING_64_BIT)";
				BUNDLE_LOADER = "$(BUILT_PRODUCTS_DIR)/SquigglePic.app/SquigglePic";
				FRAMEWORK_SEARCH_PATHS = (
					"$(SDKROOT)/Developer/Library/Frameworks",
					"$(inherited)",
					"$(DEVELOPER_FRAMEWORKS_DIR)",
				);
				GCC_PRECOMPILE_PREFIX_HEADER = YES;
				GCC_PREFIX_HEADER = "SquigglePic/SquigglePic-Prefix.pch";
				INFOPLIST_FILE = "SquigglePicTests/SquigglePicTests-Info.plist";
				PRODUCT_NAME = "$(TARGET_NAME)";
				TEST_HOST = "$(BUNDLE_LOADER)";
				WRAPPER_EXTENSION = xctest;
			};
			name = Release;
		};
/* End XCBuildConfiguration section */

/* Begin XCConfigurationList section */
		92B6A48C18AF06F400FA8CC5 /* Build configuration list for PBXProject "SquigglePic" */ = {
			isa = XCConfigurationList;
			buildConfigurations = (
				92B6A4C418AF06F500FA8CC5 /* Debug */,
				92B6A4C518AF06F500FA8CC5 /* Release */,
			);
			defaultConfigurationIsVisible = 0;
			defaultConfigurationName = Release;
		};
		92B6A4C618AF06F500FA8CC5 /* Build configuration list for PBXNativeTarget "SquigglePic" */ = {
			isa = XCConfigurationList;
			buildConfigurations = (
				92B6A4C718AF06F500FA8CC5 /* Debug */,
				92B6A4C818AF06F500FA8CC5 /* Release */,
			);
			defaultConfigurationIsVisible = 0;
			defaultConfigurationName = Release;
		};
		92B6A4C918AF06F500FA8CC5 /* Build configuration list for PBXNativeTarget "SquigglePicTests" */ = {
			isa = XCConfigurationList;
			buildConfigurations = (
				92B6A4CA18AF06F500FA8CC5 /* Debug */,
				92B6A4CB18AF06F500FA8CC5 /* Release */,
			);
			defaultConfigurationIsVisible = 0;
			defaultConfigurationName = Release;
		};
/* End XCConfigurationList section */
	};
	rootObject = 92B6A48918AF06F400FA8CC5 /* Project object */;
}
